// !$*UTF8*$!
{
	archiveVersion = 1;
	classes = {
	};
	objectVersion = 46;
	objects = {

/* Begin PBXBuildFile section */
		6704E3681A3EDD7200E14BD6 /* AppDelegate.swift in Sources */ = {isa = PBXBuildFile; fileRef = 6704E3671A3EDD7200E14BD6 /* AppDelegate.swift */; };
		6704E36A1A3EDD7200E14BD6 /* ViewController.swift in Sources */ = {isa = PBXBuildFile; fileRef = 6704E3691A3EDD7200E14BD6 /* ViewController.swift */; };
		6704E36D1A3EDD7200E14BD6 /* Main.storyboard in Resources */ = {isa = PBXBuildFile; fileRef = 6704E36B1A3EDD7200E14BD6 /* Main.storyboard */; };
		6704E36F1A3EDD7200E14BD6 /* Images.xcassets in Resources */ = {isa = PBXBuildFile; fileRef = 6704E36E1A3EDD7200E14BD6 /* Images.xcassets */; };
		6704E3721A3EDD7200E14BD6 /* LaunchScreen.xib in Resources */ = {isa = PBXBuildFile; fileRef = 6704E3701A3EDD7200E14BD6 /* LaunchScreen.xib */; };
		6704E37E1A3EDD7200E14BD6 /* SwiftMetalProcessingTests.swift in Sources */ = {isa = PBXBuildFile; fileRef = 6704E37D1A3EDD7200E14BD6 /* SwiftMetalProcessingTests.swift */; };
		6704E3881A3EDDBA00E14BD6 /* Metal.framework in Frameworks */ = {isa = PBXBuildFile; fileRef = 6704E3871A3EDDBA00E14BD6 /* Metal.framework */; };
		6704E38A1A3EDE4600E14BD6 /* UIKit.framework in Frameworks */ = {isa = PBXBuildFile; fileRef = 6704E3891A3EDE4600E14BD6 /* UIKit.framework */; };
		6704E38C1A3EDE4C00E14BD6 /* QuartzCore.framework in Frameworks */ = {isa = PBXBuildFile; fileRef = 6704E38B1A3EDE4C00E14BD6 /* QuartzCore.framework */; };
		6704E38E1A3EDEA100E14BD6 /* Shaders.metal in Sources */ = {isa = PBXBuildFile; fileRef = 6704E38D1A3EDEA100E14BD6 /* Shaders.metal */; };
		6704E38F1A3EDEA100E14BD6 /* Shaders.metal in Sources */ = {isa = PBXBuildFile; fileRef = 6704E38D1A3EDEA100E14BD6 /* Shaders.metal */; };
/* End PBXBuildFile section */

/* Begin PBXContainerItemProxy section */
		6704E3781A3EDD7200E14BD6 /* PBXContainerItemProxy */ = {
			isa = PBXContainerItemProxy;
			containerPortal = 6704E35A1A3EDD7200E14BD6 /* Project object */;
			proxyType = 1;
			remoteGlobalIDString = 6704E3611A3EDD7200E14BD6;
			remoteInfo = SwiftMetalProcessing;
		};
/* End PBXContainerItemProxy section */

/* Begin PBXFileReference section */
		6704E3621A3EDD7200E14BD6 /* SwiftMetalProcessing.app */ = {isa = PBXFileReference; explicitFileType = wrapper.application; includeInIndex = 0; path = SwiftMetalProcessing.app; sourceTree = BUILT_PRODUCTS_DIR; };
		6704E3661A3EDD7200E14BD6 /* Info.plist */ = {isa = PBXFileReference; lastKnownFileType = text.plist.xml; path = Info.plist; sourceTree = "<group>"; };
		6704E3671A3EDD7200E14BD6 /* AppDelegate.swift */ = {isa = PBXFileReference; lastKnownFileType = sourcecode.swift; path = AppDelegate.swift; sourceTree = "<group>"; };
		6704E3691A3EDD7200E14BD6 /* ViewController.swift */ = {isa = PBXFileReference; lastKnownFileType = sourcecode.swift; path = ViewController.swift; sourceTree = "<group>"; };
		6704E36C1A3EDD7200E14BD6 /* Base */ = {isa = PBXFileReference; lastKnownFileType = file.storyboard; name = Base; path = Base.lproj/Main.storyboard; sourceTree = "<group>"; };
		6704E36E1A3EDD7200E14BD6 /* Images.xcassets */ = {isa = PBXFileReference; lastKnownFileType = folder.assetcatalog; path = Images.xcassets; sourceTree = "<group>"; };
		6704E3711A3EDD7200E14BD6 /* Base */ = {isa = PBXFileReference; lastKnownFileType = file.xib; name = Base; path = Base.lproj/LaunchScreen.xib; sourceTree = "<group>"; };
		6704E3771A3EDD7200E14BD6 /* SwiftMetalProcessingTests.xctest */ = {isa = PBXFileReference; explicitFileType = wrapper.cfbundle; includeInIndex = 0; path = SwiftMetalProcessingTests.xctest; sourceTree = BUILT_PRODUCTS_DIR; };
		6704E37C1A3EDD7200E14BD6 /* Info.plist */ = {isa = PBXFileReference; lastKnownFileType = text.plist.xml; path = Info.plist; sourceTree = "<group>"; };
		6704E37D1A3EDD7200E14BD6 /* SwiftMetalProcessingTests.swift */ = {isa = PBXFileReference; lastKnownFileType = sourcecode.swift; path = SwiftMetalProcessingTests.swift; sourceTree = "<group>"; };
		6704E3871A3EDDBA00E14BD6 /* Metal.framework */ = {isa = PBXFileReference; lastKnownFileType = wrapper.framework; name = Metal.framework; path = System/Library/Frameworks/Metal.framework; sourceTree = SDKROOT; };
		6704E3891A3EDE4600E14BD6 /* UIKit.framework */ = {isa = PBXFileReference; lastKnownFileType = wrapper.framework; name = UIKit.framework; path = System/Library/Frameworks/UIKit.framework; sourceTree = SDKROOT; };
		6704E38B1A3EDE4C00E14BD6 /* QuartzCore.framework */ = {isa = PBXFileReference; lastKnownFileType = wrapper.framework; name = QuartzCore.framework; path = System/Library/Frameworks/QuartzCore.framework; sourceTree = SDKROOT; };
		6704E38D1A3EDEA100E14BD6 /* Shaders.metal */ = {isa = PBXFileReference; fileEncoding = 4; lastKnownFileType = sourcecode.metal; path = Shaders.metal; sourceTree = "<group>"; };
/* End PBXFileReference section */

/* Begin PBXFrameworksBuildPhase section */
		6704E35F1A3EDD7200E14BD6 /* Frameworks */ = {
			isa = PBXFrameworksBuildPhase;
			buildActionMask = 2147483647;
			files = (
				6704E38C1A3EDE4C00E14BD6 /* QuartzCore.framework in Frameworks */,
				6704E38A1A3EDE4600E14BD6 /* UIKit.framework in Frameworks */,
				6704E3881A3EDDBA00E14BD6 /* Metal.framework in Frameworks */,
			);
			runOnlyForDeploymentPostprocessing = 0;
		};
		6704E3741A3EDD7200E14BD6 /* Frameworks */ = {
			isa = PBXFrameworksBuildPhase;
			buildActionMask = 2147483647;
			files = (
			);
			runOnlyForDeploymentPostprocessing = 0;
		};
/* End PBXFrameworksBuildPhase section */

/* Begin PBXGroup section */
		6704E3591A3EDD7200E14BD6 = {
			isa = PBXGroup;
			children = (
				6704E38B1A3EDE4C00E14BD6 /* QuartzCore.framework */,
				6704E3891A3EDE4600E14BD6 /* UIKit.framework */,
				6704E3871A3EDDBA00E14BD6 /* Metal.framework */,
				6704E3641A3EDD7200E14BD6 /* SwiftMetalProcessing */,
				6704E37A1A3EDD7200E14BD6 /* SwiftMetalProcessingTests */,
				6704E3631A3EDD7200E14BD6 /* Products */,
			);
			sourceTree = "<group>";
		};
		6704E3631A3EDD7200E14BD6 /* Products */ = {
			isa = PBXGroup;
			children = (
				6704E3621A3EDD7200E14BD6 /* SwiftMetalProcessing.app */,
				6704E3771A3EDD7200E14BD6 /* SwiftMetalProcessingTests.xctest */,
			);
			name = Products;
			sourceTree = "<group>";
		};
		6704E3641A3EDD7200E14BD6 /* SwiftMetalProcessing */ = {
			isa = PBXGroup;
			children = (
				6704E3671A3EDD7200E14BD6 /* AppDelegate.swift */,
				6704E3691A3EDD7200E14BD6 /* ViewController.swift */,
				6704E36B1A3EDD7200E14BD6 /* Main.storyboard */,
				6704E36E1A3EDD7200E14BD6 /* Images.xcassets */,
				6704E3701A3EDD7200E14BD6 /* LaunchScreen.xib */,
				6704E3651A3EDD7200E14BD6 /* Supporting Files */,
				6704E38D1A3EDEA100E14BD6 /* Shaders.metal */,
			);
			path = SwiftMetalProcessing;
			sourceTree = "<group>";
		};
		6704E3651A3EDD7200E14BD6 /* Supporting Files */ = {
			isa = PBXGroup;
			children = (
				6704E3661A3EDD7200E14BD6 /* Info.plist */,
			);
			name = "Supporting Files";
			sourceTree = "<group>";
		};
		6704E37A1A3EDD7200E14BD6 /* SwiftMetalProcessingTests */ = {
			isa = PBXGroup;
			children = (
				6704E37D1A3EDD7200E14BD6 /* SwiftMetalProcessingTests.swift */,
				6704E37B1A3EDD7200E14BD6 /* Supporting Files */,
			);
			path = SwiftMetalProcessingTests;
			sourceTree = "<group>";
		};
		6704E37B1A3EDD7200E14BD6 /* Supporting Files */ = {
			isa = PBXGroup;
			children = (
				6704E37C1A3EDD7200E14BD6 /* Info.plist */,
			);
			name = "Supporting Files";
			sourceTree = "<group>";
		};
/* End PBXGroup section */

/* Begin PBXNativeTarget section */
		6704E3611A3EDD7200E14BD6 /* SwiftMetalProcessing */ = {
			isa = PBXNativeTarget;
			buildConfigurationList = 6704E3811A3EDD7200E14BD6 /* Build configuration list for PBXNativeTarget "SwiftMetalProcessing" */;
			buildPhases = (
				6704E35E1A3EDD7200E14BD6 /* Sources */,
				6704E35F1A3EDD7200E14BD6 /* Frameworks */,
				6704E3601A3EDD7200E14BD6 /* Resources */,
			);
			buildRules = (
			);
			dependencies = (
			);
			name = SwiftMetalProcessing;
			productName = SwiftMetalProcessing;
			productReference = 6704E3621A3EDD7200E14BD6 /* SwiftMetalProcessing.app */;
			productType = "com.apple.product-type.application";
		};
		6704E3761A3EDD7200E14BD6 /* SwiftMetalProcessingTests */ = {
			isa = PBXNativeTarget;
			buildConfigurationList = 6704E3841A3EDD7200E14BD6 /* Build configuration list for PBXNativeTarget "SwiftMetalProcessingTests" */;
			buildPhases = (
				6704E3731A3EDD7200E14BD6 /* Sources */,
				6704E3741A3EDD7200E14BD6 /* Frameworks */,
				6704E3751A3EDD7200E14BD6 /* Resources */,
			);
			buildRules = (
			);
			dependencies = (
				6704E3791A3EDD7200E14BD6 /* PBXTargetDependency */,
			);
			name = SwiftMetalProcessingTests;
			productName = SwiftMetalProcessingTests;
			productReference = 6704E3771A3EDD7200E14BD6 /* SwiftMetalProcessingTests.xctest */;
			productType = "com.apple.product-type.bundle.unit-test";
		};
/* End PBXNativeTarget section */

/* Begin PBXProject section */
		6704E35A1A3EDD7200E14BD6 /* Project object */ = {
			isa = PBXProject;
			attributes = {
				LastUpgradeCheck = 0610;
				ORGANIZATIONNAME = "Amund Tveit";
				TargetAttributes = {
					6704E3611A3EDD7200E14BD6 = {
						CreatedOnToolsVersion = 6.1.1;
						DevelopmentTeam = 5L92A5ZTU9;
					};
					6704E3761A3EDD7200E14BD6 = {
						CreatedOnToolsVersion = 6.1.1;
						TestTargetID = 6704E3611A3EDD7200E14BD6;
					};
				};
			};
			buildConfigurationList = 6704E35D1A3EDD7200E14BD6 /* Build configuration list for PBXProject "SwiftMetalProcessing" */;
			compatibilityVersion = "Xcode 3.2";
			developmentRegion = English;
			hasScannedForEncodings = 0;
			knownRegions = (
				en,
				Base,
			);
			mainGroup = 6704E3591A3EDD7200E14BD6;
			productRefGroup = 6704E3631A3EDD7200E14BD6 /* Products */;
			projectDirPath = "";
			projectRoot = "";
			targets = (
				6704E3611A3EDD7200E14BD6 /* SwiftMetalProcessing */,
				6704E3761A3EDD7200E14BD6 /* SwiftMetalProcessingTests */,
			);
		};
/* End PBXProject section */

/* Begin PBXResourcesBuildPhase section */
		6704E3601A3EDD7200E14BD6 /* Resources */ = {
			isa = PBXResourcesBuildPhase;
			buildActionMask = 2147483647;
			files = (
				6704E36D1A3EDD7200E14BD6 /* Main.storyboard in Resources */,
				6704E3721A3EDD7200E14BD6 /* LaunchScreen.xib in Resources */,
				6704E36F1A3EDD7200E14BD6 /* Images.xcassets in Resources */,
			);
			runOnlyForDeploymentPostprocessing = 0;
		};
		6704E3751A3EDD7200E14BD6 /* Resources */ = {
			isa = PBXResourcesBuildPhase;
			buildActionMask = 2147483647;
			files = (
			);
			runOnlyForDeploymentPostprocessing = 0;
		};
/* End PBXResourcesBuildPhase section */

/* Begin PBXSourcesBuildPhase section */
		6704E35E1A3EDD7200E14BD6 /* Sources */ = {
			isa = PBXSourcesBuildPhase;
			buildActionMask = 2147483647;
			files = (
				6704E38E1A3EDEA100E14BD6 /* Shaders.metal in Sources */,
				6704E36A1A3EDD7200E14BD6 /* ViewController.swift in Sources */,
				6704E3681A3EDD7200E14BD6 /* AppDelegate.swift in Sources */,
			);
			runOnlyForDeploymentPostprocessing = 0;
		};
		6704E3731A3EDD7200E14BD6 /* Sources */ = {
			isa = PBXSourcesBuildPhase;
			buildActionMask = 2147483647;
			files = (
				6704E38F1A3EDEA100E14BD6 /* Shaders.metal in Sources */,
				6704E37E1A3EDD7200E14BD6 /* SwiftMetalProcessingTests.swift in Sources */,
			);
			runOnlyForDeploymentPostprocessing = 0;
		};
/* End PBXSourcesBuildPhase section */

/* Begin PBXTargetDependency section */
		6704E3791A3EDD7200E14BD6 /* PBXTargetDependency */ = {
			isa = PBXTargetDependency;
			target = 6704E3611A3EDD7200E14BD6 /* SwiftMetalProcessing */;
			targetProxy = 6704E3781A3EDD7200E14BD6 /* PBXContainerItemProxy */;
		};
/* End PBXTargetDependency section */

/* Begin PBXVariantGroup section */
		6704E36B1A3EDD7200E14BD6 /* Main.storyboard */ = {
			isa = PBXVariantGroup;
			children = (
				6704E36C1A3EDD7200E14BD6 /* Base */,
			);
			name = Main.storyboard;
			sourceTree = "<group>";
		};
		6704E3701A3EDD7200E14BD6 /* LaunchScreen.xib */ = {
			isa = PBXVariantGroup;
			children = (
				6704E3711A3EDD7200E14BD6 /* Base */,
			);
			name = LaunchScreen.xib;
			sourceTree = "<group>";
		};
/* End PBXVariantGroup section */

/* Begin XCBuildConfiguration section */
		6704E37F1A3EDD7200E14BD6 /* Debug */ = {
			isa = XCBuildConfiguration;
			buildSettings = {
				ALWAYS_SEARCH_USER_PATHS = NO;
				CLANG_CXX_LANGUAGE_STANDARD = "gnu++0x";
				CLANG_CXX_LIBRARY = "libc++";
				CLANG_ENABLE_MODULES = YES;
				CLANG_ENABLE_OBJC_ARC = YES;
				CLANG_WARN_BOOL_CONVERSION = YES;
				CLANG_WARN_CONSTANT_CONVERSION = YES;
				CLANG_WARN_DIRECT_OBJC_ISA_USAGE = YES_ERROR;
				CLANG_WARN_EMPTY_BODY = YES;
				CLANG_WARN_ENUM_CONVERSION = YES;
				CLANG_WARN_INT_CONVERSION = YES;
				CLANG_WARN_OBJC_ROOT_CLASS = YES_ERROR;
				CLANG_WARN_UNREACHABLE_CODE = YES;
				CLANG_WARN__DUPLICATE_METHOD_MATCH = YES;
				"CODE_SIGN_IDENTITY[sdk=iphoneos*]" = "iPhone Developer";
				COPY_PHASE_STRIP = NO;
				ENABLE_STRICT_OBJC_MSGSEND = YES;
				GCC_C_LANGUAGE_STANDARD = gnu99;
				GCC_DYNAMIC_NO_PIC = NO;
				GCC_OPTIMIZATION_LEVEL = 0;
				GCC_PREPROCESSOR_DEFINITIONS = (
					"DEBUG=1",
					"$(inherited)",
				);
				GCC_SYMBOLS_PRIVATE_EXTERN = NO;
				GCC_WARN_64_TO_32_BIT_CONVERSION = YES;
				GCC_WARN_ABOUT_RETURN_TYPE = YES_ERROR;
				GCC_WARN_UNDECLARED_SELECTOR = YES;
				GCC_WARN_UNINITIALIZED_AUTOS = YES_AGGRESSIVE;
				GCC_WARN_UNUSED_FUNCTION = YES;
				GCC_WARN_UNUSED_VARIABLE = YES;
				IPHONEOS_DEPLOYMENT_TARGET = 8.1;
				MTL_ENABLE_DEBUG_INFO = YES;
				ONLY_ACTIVE_ARCH = YES;
				SDKROOT = iphoneos;
				SWIFT_OPTIMIZATION_LEVEL = "-Onone";
				TARGETED_DEVICE_FAMILY = "1,2";
			};
			name = Debug;
		};
		6704E3801A3EDD7200E14BD6 /* Release */ = {
			isa = XCBuildConfiguration;
			buildSettings = {
				ALWAYS_SEARCH_USER_PATHS = NO;
				CLANG_CXX_LANGUAGE_STANDARD = "gnu++0x";
				CLANG_CXX_LIBRARY = "libc++";
				CLANG_ENABLE_MODULES = YES;
				CLANG_ENABLE_OBJC_ARC = YES;
				CLANG_WARN_BOOL_CONVERSION = YES;
				CLANG_WARN_CONSTANT_CONVERSION = YES;
				CLANG_WARN_DIRECT_OBJC_ISA_USAGE = YES_ERROR;
				CLANG_WARN_EMPTY_BODY = YES;
				CLANG_WARN_ENUM_CONVERSION = YES;
				CLANG_WARN_INT_CONVERSION = YES;
				CLANG_WARN_OBJC_ROOT_CLASS = YES_ERROR;
				CLANG_WARN_UNREACHABLE_CODE = YES;
				CLANG_WARN__DUPLICATE_METHOD_MATCH = YES;
				"CODE_SIGN_IDENTITY[sdk=iphoneos*]" = "iPhone Developer";
				COPY_PHASE_STRIP = YES;
				ENABLE_NS_ASSERTIONS = NO;
				ENABLE_STRICT_OBJC_MSGSEND = YES;
				GCC_C_LANGUAGE_STANDARD = gnu99;
				GCC_WARN_64_TO_32_BIT_CONVERSION = YES;
				GCC_WARN_ABOUT_RETURN_TYPE = YES_ERROR;
				GCC_WARN_UNDECLARED_SELECTOR = YES;
				GCC_WARN_UNINITIALIZED_AUTOS = YES_AGGRESSIVE;
				GCC_WARN_UNUSED_FUNCTION = YES;
				GCC_WARN_UNUSED_VARIABLE = YES;
				IPHONEOS_DEPLOYMENT_TARGET = 8.1;
				MTL_ENABLE_DEBUG_INFO = NO;
				SDKROOT = iphoneos;
				TARGETED_DEVICE_FAMILY = "1,2";
				VALIDATE_PRODUCT = YES;
			};
			name = Release;
		};
		6704E3821A3EDD7200E14BD6 /* Debug */ = {
			isa = XCBuildConfiguration;
			buildSettings = {
				ASSETCATALOG_COMPILER_APPICON_NAME = AppIcon;
				CODE_SIGN_IDENTITY = "iPhone Developer";
				"CODE_SIGN_IDENTITY[sdk=iphoneos*]" = "iPhone Developer";
				INFOPLIST_FILE = SwiftMetalProcessing/Info.plist;
				LD_RUNPATH_SEARCH_PATHS = "$(inherited) @executable_path/Frameworks";
				PRODUCT_NAME = "$(TARGET_NAME)";
				PROVISIONING_PROFILE = "";
			};
			name = Debug;
		};
		6704E3831A3EDD7200E14BD6 /* Release */ = {
			isa = XCBuildConfiguration;
			buildSettings = {
				ASSETCATALOG_COMPILER_APPICON_NAME = AppIcon;
				CODE_SIGN_IDENTITY = "iPhone Developer";
				"CODE_SIGN_IDENTITY[sdk=iphoneos*]" = "iPhone Developer";
				INFOPLIST_FILE = SwiftMetalProcessing/Info.plist;
				LD_RUNPATH_SEARCH_PATHS = "$(inherited) @executable_path/Frameworks";
				PRODUCT_NAME = "$(TARGET_NAME)";
				PROVISIONING_PROFILE = "";
			};
			name = Release;
		};
		6704E3851A3EDD7200E14BD6 /* Debug */ = {
			isa = XCBuildConfiguration;
			buildSettings = {
				BUNDLE_LOADER = "$(TEST_HOST)";
				FRAMEWORK_SEARCH_PATHS = (
					"$(SDKROOT)/Developer/Library/Frameworks",
					"$(inherited)",
				);
				GCC_PREPROCESSOR_DEFINITIONS = (
					"DEBUG=1",
					"$(inherited)",
				);
				INFOPLIST_FILE = SwiftMetalProcessingTests/Info.plist;
				LD_RUNPATH_SEARCH_PATHS = "$(inherited) @executable_path/Frameworks @loader_path/Frameworks";
				PRODUCT_NAME = "$(TARGET_NAME)";
				TEST_HOST = "$(BUILT_PRODUCTS_DIR)/SwiftMetalProcessing.app/SwiftMetalProcessing";
			};
			name = Debug;
		};
		6704E3861A3EDD7200E14BD6 /* Release */ = {
			isa = XCBuildConfiguration;
			buildSettings = {
				BUNDLE_LOADER = "$(TEST_HOST)";
				FRAMEWORK_SEARCH_PATHS = (
					"$(SDKROOT)/Developer/Library/Frameworks",
					"$(inherited)",
				);
				INFOPLIST_FILE = SwiftMetalProcessingTests/Info.plist;
				LD_RUNPATH_SEARCH_PATHS = "$(inherited) @executable_path/Frameworks @loader_path/Frameworks";
				PRODUCT_NAME = "$(TARGET_NAME)";
				TEST_HOST = "$(BUILT_PRODUCTS_DIR)/SwiftMetalProcessing.app/SwiftMetalProcessing";
			};
			name = Release;
		};
/* End XCBuildConfiguration section */

/* Begin XCConfigurationList section */
		6704E35D1A3EDD7200E14BD6 /* Build configuration list for PBXProject "SwiftMetalProcessing" */ = {
			isa = XCConfigurationList;
			buildConfigurations = (
				6704E37F1A3EDD7200E14BD6 /* Debug */,
				6704E3801A3EDD7200E14BD6 /* Release */,
			);
			defaultConfigurationIsVisible = 0;
			defaultConfigurationName = Release;
		};
		6704E3811A3EDD7200E14BD6 /* Build configuration list for PBXNativeTarget "SwiftMetalProcessing" */ = {
			isa = XCConfigurationList;
			buildConfigurations = (
				6704E3821A3EDD7200E14BD6 /* Debug */,
				6704E3831A3EDD7200E14BD6 /* Release */,
			);
			defaultConfigurationIsVisible = 0;
			defaultConfigurationName = Release;
		};
		6704E3841A3EDD7200E14BD6 /* Build configuration list for PBXNativeTarget "SwiftMetalProcessingTests" */ = {
			isa = XCConfigurationList;
			buildConfigurations = (
				6704E3851A3EDD7200E14BD6 /* Debug */,
				6704E3861A3EDD7200E14BD6 /* Release */,
			);
			defaultConfigurationIsVisible = 0;
			defaultConfigurationName = Release;
		};
/* End XCConfigurationList section */
	};
	rootObject = 6704E35A1A3EDD7200E14BD6 /* Project object */;
}
